// !$*UTF8*$!
{
	archiveVersion = 1;
	classes = {
	};
	objectVersion = 46;
	objects = {

/* Begin PBXBuildFile section */
		9077A650178A52AF00FDA822 /* Foundation.framework in Frameworks */ = {isa = PBXBuildFile; fileRef = 9077A64F178A52AF00FDA822 /* Foundation.framework */; };
		9077A65F178A52B000FDA822 /* SenTestingKit.framework in Frameworks */ = {isa = PBXBuildFile; fileRef = 9077A65E178A52B000FDA822 /* SenTestingKit.framework */; };
		9077A661178A52B000FDA822 /* UIKit.framework in Frameworks */ = {isa = PBXBuildFile; fileRef = 9077A660178A52B000FDA822 /* UIKit.framework */; };
		9077A662178A52B000FDA822 /* Foundation.framework in Frameworks */ = {isa = PBXBuildFile; fileRef = 9077A64F178A52AF00FDA822 /* Foundation.framework */; };
		9077A665178A52B000FDA822 /* libCSTCryptoAPI.a in Frameworks */ = {isa = PBXBuildFile; fileRef = 9077A64C178A52AF00FDA822 /* libCSTCryptoAPI.a */; };
		9077A66B178A52B000FDA822 /* InfoPlist.strings in Resources */ = {isa = PBXBuildFile; fileRef = 9077A669178A52B000FDA822 /* InfoPlist.strings */; };
		9077A687178A558500FDA822 /* AESKeyGeneratorTestCase.m in Sources */ = {isa = PBXBuildFile; fileRef = 9077A686178A558500FDA822 /* AESKeyGeneratorTestCase.m */; };
		9077A689178A55E200FDA822 /* AESKeyGenerator.m in Sources */ = {isa = PBXBuildFile; fileRef = 9077A688178A55E200FDA822 /* AESKeyGenerator.m */; };
		9077A68A178A55E200FDA822 /* AESKeyGenerator.m in Sources */ = {isa = PBXBuildFile; fileRef = 9077A688178A55E200FDA822 /* AESKeyGenerator.m */; };
		9077A68F178A56B700FDA822 /* NSData+Random.m in Sources */ = {isa = PBXBuildFile; fileRef = 9077A68E178A56B700FDA822 /* NSData+Random.m */; };
		9077A690178A56B700FDA822 /* NSData+Random.m in Sources */ = {isa = PBXBuildFile; fileRef = 9077A68E178A56B700FDA822 /* NSData+Random.m */; };
		9077A692178A57D500FDA822 /* AESKey.m in Sources */ = {isa = PBXBuildFile; fileRef = 9077A691178A57D500FDA822 /* AESKey.m */; };
		9077A694178A583200FDA822 /* Security.framework in Frameworks */ = {isa = PBXBuildFile; fileRef = 9077A693178A583200FDA822 /* Security.framework */; };
		9077A695178A587C00FDA822 /* Security.framework in Frameworks */ = {isa = PBXBuildFile; fileRef = 9077A693178A583200FDA822 /* Security.framework */; };
		9077A697178A5A1D00FDA822 /* PBKDFSecretKeyFactory.m in Sources */ = {isa = PBXBuildFile; fileRef = 9077A696178A5A1D00FDA822 /* PBKDFSecretKeyFactory.m */; };
		9077A69A178A5A6400FDA822 /* AESKeyFromPasswordTestCase.m in Sources */ = {isa = PBXBuildFile; fileRef = 9077A699178A5A6400FDA822 /* AESKeyFromPasswordTestCase.m */; };
		9077A69C178A5B2100FDA822 /* AESCipher.m in Sources */ = {isa = PBXBuildFile; fileRef = 9077A69B178A5B2100FDA822 /* AESCipher.m */; };
		9077A6A1178A5BA900FDA822 /* RSAPublicKey.m in Sources */ = {isa = PBXBuildFile; fileRef = 9077A6A0178A5BA900FDA822 /* RSAPublicKey.m */; };
		9077A6A5178A5BE700FDA822 /* NSString+PEM.m in Sources */ = {isa = PBXBuildFile; fileRef = 9077A6A4178A5BE700FDA822 /* NSString+PEM.m */; };
		9077A6AA178A5C3300FDA822 /* NSData+Base64.m in Sources */ = {isa = PBXBuildFile; fileRef = 9077A6A9178A5C3300FDA822 /* NSData+Base64.m */; };
		9077A6AD178A5DB400FDA822 /* AESCipherTestCase.m in Sources */ = {isa = PBXBuildFile; fileRef = 9077A6AC178A5DB400FDA822 /* AESCipherTestCase.m */; };
		9077A6B0178A5E7100FDA822 /* RSAKey+Private.m in Sources */ = {isa = PBXBuildFile; fileRef = 9077A6AF178A5E7100FDA822 /* RSAKey+Private.m */; };
		9077A6B3178A612500FDA822 /* RSAKeyTestCase.m in Sources */ = {isa = PBXBuildFile; fileRef = 9077A6B2178A612500FDA822 /* RSAKeyTestCase.m */; };
		9089002C178A911B005E50B7 /* AESKeyWrapper.m in Sources */ = {isa = PBXBuildFile; fileRef = 9089002B178A911B005E50B7 /* AESKeyWrapper.m */; };
		9089002F178A915C005E50B7 /* AESKeyWrapperTestCase.m in Sources */ = {isa = PBXBuildFile; fileRef = 9089002E178A915C005E50B7 /* AESKeyWrapperTestCase.m */; };
		90890037178A9553005E50B7 /* CipherOutputStream.m in Sources */ = {isa = PBXBuildFile; fileRef = 90890036178A9553005E50B7 /* CipherOutputStream.m */; };
		9089003A178A9765005E50B7 /* StreamTestCase.m in Sources */ = {isa = PBXBuildFile; fileRef = 90890039178A9765005E50B7 /* StreamTestCase.m */; };
		9089003F178A9CC2005E50B7 /* NSFileManager+iOS.m in Sources */ = {isa = PBXBuildFile; fileRef = 9089003D178A9BEF005E50B7 /* NSFileManager+iOS.m */; };
/* End PBXBuildFile section */

/* Begin PBXContainerItemProxy section */
		9077A663178A52B000FDA822 /* PBXContainerItemProxy */ = {
			isa = PBXContainerItemProxy;
			containerPortal = 9077A644178A52AF00FDA822 /* Project object */;
			proxyType = 1;
			remoteGlobalIDString = 9077A64B178A52AF00FDA822;
			remoteInfo = CSTCryptoAPI;
		};
/* End PBXContainerItemProxy section */

/* Begin PBXCopyFilesBuildPhase section */
		9077A64A178A52AF00FDA822 /* CopyFiles */ = {
			isa = PBXCopyFilesBuildPhase;
			buildActionMask = 2147483647;
			dstPath = "include/${PRODUCT_NAME}";
			dstSubfolderSpec = 16;
			files = (
			);
			runOnlyForDeploymentPostprocessing = 0;
		};
/* End PBXCopyFilesBuildPhase section */

/* Begin PBXFileReference section */
		9077A64C178A52AF00FDA822 /* libCSTCryptoAPI.a */ = {isa = PBXFileReference; explicitFileType = archive.ar; includeInIndex = 0; path = libCSTCryptoAPI.a; sourceTree = BUILT_PRODUCTS_DIR; };
		9077A64F178A52AF00FDA822 /* Foundation.framework */ = {isa = PBXFileReference; lastKnownFileType = wrapper.framework; name = Foundation.framework; path = System/Library/Frameworks/Foundation.framework; sourceTree = SDKROOT; };
		9077A653178A52AF00FDA822 /* CSTCryptoAPI-Prefix.pch */ = {isa = PBXFileReference; lastKnownFileType = sourcecode.c.h; path = "CSTCryptoAPI-Prefix.pch"; sourceTree = "<group>"; };
		9077A65D178A52B000FDA822 /* CSTCryptoAPITests.octest */ = {isa = PBXFileReference; explicitFileType = wrapper.cfbundle; includeInIndex = 0; path = CSTCryptoAPITests.octest; sourceTree = BUILT_PRODUCTS_DIR; };
		9077A65E178A52B000FDA822 /* SenTestingKit.framework */ = {isa = PBXFileReference; lastKnownFileType = wrapper.framework; name = SenTestingKit.framework; path = Library/Frameworks/SenTestingKit.framework; sourceTree = DEVELOPER_DIR; };
		9077A660178A52B000FDA822 /* UIKit.framework */ = {isa = PBXFileReference; lastKnownFileType = wrapper.framework; name = UIKit.framework; path = Library/Frameworks/UIKit.framework; sourceTree = DEVELOPER_DIR; };
		9077A668178A52B000FDA822 /* CSTCryptoAPITests-Info.plist */ = {isa = PBXFileReference; lastKnownFileType = text.plist.xml; path = "CSTCryptoAPITests-Info.plist"; sourceTree = "<group>"; };
		9077A66A178A52B000FDA822 /* en */ = {isa = PBXFileReference; lastKnownFileType = text.plist.strings; name = en; path = en.lproj/InfoPlist.strings; sourceTree = "<group>"; };
		9077A679178A536A00FDA822 /* AESCipher.h */ = {isa = PBXFileReference; fileEncoding = 4; lastKnownFileType = sourcecode.c.h; path = AESCipher.h; sourceTree = "<group>"; };
		9077A67A178A536A00FDA822 /* AESKey.h */ = {isa = PBXFileReference; fileEncoding = 4; lastKnownFileType = sourcecode.c.h; path = AESKey.h; sourceTree = "<group>"; };
		9077A67B178A536A00FDA822 /* AESKeyGenerator.h */ = {isa = PBXFileReference; fileEncoding = 4; lastKnownFileType = sourcecode.c.h; path = AESKeyGenerator.h; sourceTree = "<group>"; };
		9077A67C178A536A00FDA822 /* Cipher.h */ = {isa = PBXFileReference; fileEncoding = 4; lastKnownFileType = sourcecode.c.h; path = Cipher.h; sourceTree = "<group>"; };
		9077A67D178A536A00FDA822 /* KeyGenerator.h */ = {isa = PBXFileReference; fileEncoding = 4; lastKnownFileType = sourcecode.c.h; path = KeyGenerator.h; sourceTree = "<group>"; };
		9077A67E178A536A00FDA822 /* PBKDFSecretKeyFactory.h */ = {isa = PBXFileReference; fileEncoding = 4; lastKnownFileType = sourcecode.c.h; path = PBKDFSecretKeyFactory.h; sourceTree = "<group>"; };
		9077A67F178A536A00FDA822 /* SecretKey.h */ = {isa = PBXFileReference; fileEncoding = 4; lastKnownFileType = sourcecode.c.h; path = SecretKey.h; sourceTree = "<group>"; };
		9077A680178A536A00FDA822 /* SecretKeyFactory.h */ = {isa = PBXFileReference; fileEncoding = 4; lastKnownFileType = sourcecode.c.h; path = SecretKeyFactory.h; sourceTree = "<group>"; };
		9077A685178A558500FDA822 /* AESKeyGeneratorTestCase.h */ = {isa = PBXFileReference; fileEncoding = 4; lastKnownFileType = sourcecode.c.h; path = AESKeyGeneratorTestCase.h; sourceTree = "<group>"; };
		9077A686178A558500FDA822 /* AESKeyGeneratorTestCase.m */ = {isa = PBXFileReference; fileEncoding = 4; lastKnownFileType = sourcecode.c.objc; path = AESKeyGeneratorTestCase.m; sourceTree = "<group>"; };
		9077A688178A55E200FDA822 /* AESKeyGenerator.m */ = {isa = PBXFileReference; fileEncoding = 4; lastKnownFileType = sourcecode.c.objc; path = AESKeyGenerator.m; sourceTree = "<group>"; };
		9077A68B178A566200FDA822 /* CSTCryptoAPIConstants.h */ = {isa = PBXFileReference; fileEncoding = 4; lastKnownFileType = sourcecode.c.h; path = CSTCryptoAPIConstants.h; sourceTree = "<group>"; };
		9077A68D178A56B700FDA822 /* NSData+Random.h */ = {isa = PBXFileReference; fileEncoding = 4; lastKnownFileType = sourcecode.c.h; path = "NSData+Random.h"; sourceTree = "<group>"; };
		9077A68E178A56B700FDA822 /* NSData+Random.m */ = {isa = PBXFileReference; fileEncoding = 4; lastKnownFileType = sourcecode.c.objc; path = "NSData+Random.m"; sourceTree = "<group>"; };
		9077A691178A57D500FDA822 /* AESKey.m */ = {isa = PBXFileReference; fileEncoding = 4; lastKnownFileType = sourcecode.c.objc; path = AESKey.m; sourceTree = "<group>"; };
		9077A693178A583200FDA822 /* Security.framework */ = {isa = PBXFileReference; lastKnownFileType = wrapper.framework; name = Security.framework; path = System/Library/Frameworks/Security.framework; sourceTree = SDKROOT; };
		9077A696178A5A1D00FDA822 /* PBKDFSecretKeyFactory.m */ = {isa = PBXFileReference; fileEncoding = 4; lastKnownFileType = sourcecode.c.objc; path = PBKDFSecretKeyFactory.m; sourceTree = "<group>"; };
		9077A698178A5A6400FDA822 /* AESKeyFromPasswordTestCase.h */ = {isa = PBXFileReference; fileEncoding = 4; lastKnownFileType = sourcecode.c.h; path = AESKeyFromPasswordTestCase.h; sourceTree = "<group>"; };
		9077A699178A5A6400FDA822 /* AESKeyFromPasswordTestCase.m */ = {isa = PBXFileReference; fileEncoding = 4; lastKnownFileType = sourcecode.c.objc; path = AESKeyFromPasswordTestCase.m; sourceTree = "<group>"; };
		9077A69B178A5B2100FDA822 /* AESCipher.m */ = {isa = PBXFileReference; fileEncoding = 4; lastKnownFileType = sourcecode.c.objc; path = AESCipher.m; sourceTree = "<group>"; };
		9077A69E178A5B8400FDA822 /* RSAKey.h */ = {isa = PBXFileReference; fileEncoding = 4; lastKnownFileType = sourcecode.c.h; path = RSAKey.h; sourceTree = "<group>"; };
		9077A6A0178A5BA900FDA822 /* RSAPublicKey.m */ = {isa = PBXFileReference; fileEncoding = 4; lastKnownFileType = sourcecode.c.objc; path = RSAPublicKey.m; sourceTree = "<group>"; };
		9077A6A3178A5BE700FDA822 /* NSString+PEM.h */ = {isa = PBXFileReference; fileEncoding = 4; lastKnownFileType = sourcecode.c.h; path = "NSString+PEM.h"; sourceTree = "<group>"; };
		9077A6A4178A5BE700FDA822 /* NSString+PEM.m */ = {isa = PBXFileReference; fileEncoding = 4; lastKnownFileType = sourcecode.c.objc; path = "NSString+PEM.m"; sourceTree = "<group>"; };
		9077A6A8178A5C3300FDA822 /* NSData+Base64.h */ = {isa = PBXFileReference; fileEncoding = 4; lastKnownFileType = sourcecode.c.h; path = "NSData+Base64.h"; sourceTree = "<group>"; };
		9077A6A9178A5C3300FDA822 /* NSData+Base64.m */ = {isa = PBXFileReference; fileEncoding = 4; lastKnownFileType = sourcecode.c.objc; path = "NSData+Base64.m"; sourceTree = "<group>"; };
		9077A6AB178A5DB400FDA822 /* AESCipherTestCase.h */ = {isa = PBXFileReference; fileEncoding = 4; lastKnownFileType = sourcecode.c.h; path = AESCipherTestCase.h; sourceTree = "<group>"; };
		9077A6AC178A5DB400FDA822 /* AESCipherTestCase.m */ = {isa = PBXFileReference; fileEncoding = 4; lastKnownFileType = sourcecode.c.objc; path = AESCipherTestCase.m; sourceTree = "<group>"; };
		9077A6AE178A5E7100FDA822 /* RSAKey+Private.h */ = {isa = PBXFileReference; fileEncoding = 4; lastKnownFileType = sourcecode.c.h; path = "RSAKey+Private.h"; sourceTree = "<group>"; };
		9077A6AF178A5E7100FDA822 /* RSAKey+Private.m */ = {isa = PBXFileReference; fileEncoding = 4; lastKnownFileType = sourcecode.c.objc; path = "RSAKey+Private.m"; sourceTree = "<group>"; };
		9077A6B1178A612500FDA822 /* RSAKeyTestCase.h */ = {isa = PBXFileReference; fileEncoding = 4; lastKnownFileType = sourcecode.c.h; path = RSAKeyTestCase.h; sourceTree = "<group>"; };
		9077A6B2178A612500FDA822 /* RSAKeyTestCase.m */ = {isa = PBXFileReference; fileEncoding = 4; lastKnownFileType = sourcecode.c.objc; path = RSAKeyTestCase.m; sourceTree = "<group>"; };
		90890029178A90EA005E50B7 /* KeyWrapper.h */ = {isa = PBXFileReference; fileEncoding = 4; lastKnownFileType = sourcecode.c.h; path = KeyWrapper.h; sourceTree = "<group>"; };
		9089002A178A911B005E50B7 /* AESKeyWrapper.h */ = {isa = PBXFileReference; fileEncoding = 4; lastKnownFileType = sourcecode.c.h; path = AESKeyWrapper.h; sourceTree = "<group>"; };
		9089002B178A911B005E50B7 /* AESKeyWrapper.m */ = {isa = PBXFileReference; fileEncoding = 4; lastKnownFileType = sourcecode.c.objc; path = AESKeyWrapper.m; sourceTree = "<group>"; };
		9089002D178A915C005E50B7 /* AESKeyWrapperTestCase.h */ = {isa = PBXFileReference; fileEncoding = 4; lastKnownFileType = sourcecode.c.h; path = AESKeyWrapperTestCase.h; sourceTree = "<group>"; };
		9089002E178A915C005E50B7 /* AESKeyWrapperTestCase.m */ = {isa = PBXFileReference; fileEncoding = 4; lastKnownFileType = sourcecode.c.objc; path = AESKeyWrapperTestCase.m; sourceTree = "<group>"; };
		90890031178A93D4005E50B7 /* CipherStream.h */ = {isa = PBXFileReference; fileEncoding = 4; lastKnownFileType = sourcecode.c.h; path = CipherStream.h; sourceTree = "<group>"; };
		90890036178A9553005E50B7 /* CipherOutputStream.m */ = {isa = PBXFileReference; fileEncoding = 4; lastKnownFileType = sourcecode.c.objc; path = CipherOutputStream.m; sourceTree = "<group>"; };
		90890038178A9765005E50B7 /* StreamTestCase.h */ = {isa = PBXFileReference; fileEncoding = 4; lastKnownFileType = sourcecode.c.h; path = StreamTestCase.h; sourceTree = "<group>"; };
		90890039178A9765005E50B7 /* StreamTestCase.m */ = {isa = PBXFileReference; fileEncoding = 4; lastKnownFileType = sourcecode.c.objc; path = StreamTestCase.m; sourceTree = "<group>"; };
		9089003C178A9BEF005E50B7 /* NSFileManager+iOS.h */ = {isa = PBXFileReference; fileEncoding = 4; lastKnownFileType = sourcecode.c.h; path = "NSFileManager+iOS.h"; sourceTree = "<group>"; };
		9089003D178A9BEF005E50B7 /* NSFileManager+iOS.m */ = {isa = PBXFileReference; fileEncoding = 4; lastKnownFileType = sourcecode.c.objc; path = "NSFileManager+iOS.m"; sourceTree = "<group>"; };
/* End PBXFileReference section */

/* Begin PBXFrameworksBuildPhase section */
		9077A649178A52AF00FDA822 /* Frameworks */ = {
			isa = PBXFrameworksBuildPhase;
			buildActionMask = 2147483647;
			files = (
				9077A694178A583200FDA822 /* Security.framework in Frameworks */,
				9077A650178A52AF00FDA822 /* Foundation.framework in Frameworks */,
			);
			runOnlyForDeploymentPostprocessing = 0;
		};
		9077A659178A52B000FDA822 /* Frameworks */ = {
			isa = PBXFrameworksBuildPhase;
			buildActionMask = 2147483647;
			files = (
				9077A695178A587C00FDA822 /* Security.framework in Frameworks */,
				9077A65F178A52B000FDA822 /* SenTestingKit.framework in Frameworks */,
				9077A661178A52B000FDA822 /* UIKit.framework in Frameworks */,
				9077A662178A52B000FDA822 /* Foundation.framework in Frameworks */,
				9077A665178A52B000FDA822 /* libCSTCryptoAPI.a in Frameworks */,
			);
			runOnlyForDeploymentPostprocessing = 0;
		};
/* End PBXFrameworksBuildPhase section */

/* Begin PBXGroup section */
		9077A643178A52AF00FDA822 = {
			isa = PBXGroup;
			children = (
				9077A693178A583200FDA822 /* Security.framework */,
				9077A651178A52AF00FDA822 /* CSTCryptoAPI */,
				9077A666178A52B000FDA822 /* CSTCryptoAPITests */,
				9077A64E178A52AF00FDA822 /* Frameworks */,
				9077A64D178A52AF00FDA822 /* Products */,
			);
			sourceTree = "<group>";
		};
		9077A64D178A52AF00FDA822 /* Products */ = {
			isa = PBXGroup;
			children = (
				9077A64C178A52AF00FDA822 /* libCSTCryptoAPI.a */,
				9077A65D178A52B000FDA822 /* CSTCryptoAPITests.octest */,
			);
			name = Products;
			sourceTree = "<group>";
		};
		9077A64E178A52AF00FDA822 /* Frameworks */ = {
			isa = PBXGroup;
			children = (
				9077A64F178A52AF00FDA822 /* Foundation.framework */,
				9077A65E178A52B000FDA822 /* SenTestingKit.framework */,
				9077A660178A52B000FDA822 /* UIKit.framework */,
			);
			name = Frameworks;
			sourceTree = "<group>";
		};
		9077A651178A52AF00FDA822 /* CSTCryptoAPI */ = {
			isa = PBXGroup;
			children = (
				90890030178A93AC005E50B7 /* CipherStream */,
				90890028178A90AF005E50B7 /* KeyWrapping */,
				9077A6A6178A5C1100FDA822 /* Categories */,
				9077A69D178A5B6500FDA822 /* RSAKey */,
				9077A684178A547800FDA822 /* KeyGenerator */,
				9077A683178A546500FDA822 /* SecretKeyFactory */,
				9077A682178A545600FDA822 /* Cipher */,
				9077A681178A543400FDA822 /* SecretKey */,
				9077A652178A52AF00FDA822 /* Supporting Files */,
				9077A68B178A566200FDA822 /* CSTCryptoAPIConstants.h */,
			);
			path = CSTCryptoAPI;
			sourceTree = "<group>";
		};
		9077A652178A52AF00FDA822 /* Supporting Files */ = {
			isa = PBXGroup;
			children = (
				9077A653178A52AF00FDA822 /* CSTCryptoAPI-Prefix.pch */,
			);
			name = "Supporting Files";
			sourceTree = "<group>";
		};
		9077A666178A52B000FDA822 /* CSTCryptoAPITests */ = {
			isa = PBXGroup;
			children = (
				9077A667178A52B000FDA822 /* Supporting Files */,
				9077A685178A558500FDA822 /* AESKeyGeneratorTestCase.h */,
				9077A686178A558500FDA822 /* AESKeyGeneratorTestCase.m */,
				9077A698178A5A6400FDA822 /* AESKeyFromPasswordTestCase.h */,
				9077A699178A5A6400FDA822 /* AESKeyFromPasswordTestCase.m */,
				9077A6AB178A5DB400FDA822 /* AESCipherTestCase.h */,
				9077A6AC178A5DB400FDA822 /* AESCipherTestCase.m */,
				9077A6B1178A612500FDA822 /* RSAKeyTestCase.h */,
				9077A6B2178A612500FDA822 /* RSAKeyTestCase.m */,
				9089002D178A915C005E50B7 /* AESKeyWrapperTestCase.h */,
				9089002E178A915C005E50B7 /* AESKeyWrapperTestCase.m */,
				90890038178A9765005E50B7 /* StreamTestCase.h */,
				90890039178A9765005E50B7 /* StreamTestCase.m */,
			);
			path = CSTCryptoAPITests;
			sourceTree = "<group>";
		};
		9077A667178A52B000FDA822 /* Supporting Files */ = {
			isa = PBXGroup;
			children = (
				9077A668178A52B000FDA822 /* CSTCryptoAPITests-Info.plist */,
				9077A669178A52B000FDA822 /* InfoPlist.strings */,
			);
			name = "Supporting Files";
			sourceTree = "<group>";
		};
		9077A681178A543400FDA822 /* SecretKey */ = {
			isa = PBXGroup;
			children = (
				9077A691178A57D500FDA822 /* AESKey.m */,
				9077A67F178A536A00FDA822 /* SecretKey.h */,
				9077A67A178A536A00FDA822 /* AESKey.h */,
			);
			name = SecretKey;
			sourceTree = "<group>";
		};
		9077A682178A545600FDA822 /* Cipher */ = {
			isa = PBXGroup;
			children = (
				9077A69B178A5B2100FDA822 /* AESCipher.m */,
				9077A67C178A536A00FDA822 /* Cipher.h */,
				9077A679178A536A00FDA822 /* AESCipher.h */,
			);
			name = Cipher;
			sourceTree = "<group>";
		};
		9077A683178A546500FDA822 /* SecretKeyFactory */ = {
			isa = PBXGroup;
			children = (
				9077A696178A5A1D00FDA822 /* PBKDFSecretKeyFactory.m */,
				9077A67E178A536A00FDA822 /* PBKDFSecretKeyFactory.h */,
				9077A680178A536A00FDA822 /* SecretKeyFactory.h */,
			);
			name = SecretKeyFactory;
			sourceTree = "<group>";
		};
		9077A684178A547800FDA822 /* KeyGenerator */ = {
			isa = PBXGroup;
			children = (
				9077A688178A55E200FDA822 /* AESKeyGenerator.m */,
				9077A67B178A536A00FDA822 /* AESKeyGenerator.h */,
				9077A67D178A536A00FDA822 /* KeyGenerator.h */,
			);
			name = KeyGenerator;
			sourceTree = "<group>";
		};
		9077A68C178A56A800FDA822 /* NSData+Random */ = {
			isa = PBXGroup;
			children = (
				9077A68D178A56B700FDA822 /* NSData+Random.h */,
				9077A68E178A56B700FDA822 /* NSData+Random.m */,
			);
			name = "NSData+Random";
			sourceTree = "<group>";
		};
		9077A69D178A5B6500FDA822 /* RSAKey */ = {
			isa = PBXGroup;
			children = (
				9077A69E178A5B8400FDA822 /* RSAKey.h */,
				9077A6A0178A5BA900FDA822 /* RSAPublicKey.m */,
				9077A6AE178A5E7100FDA822 /* RSAKey+Private.h */,
				9077A6AF178A5E7100FDA822 /* RSAKey+Private.m */,
			);
			name = RSAKey;
			sourceTree = "<group>";
		};
		9077A6A2178A5BC800FDA822 /* NSString+PEM */ = {
			isa = PBXGroup;
			children = (
				9077A6A3178A5BE700FDA822 /* NSString+PEM.h */,
				9077A6A4178A5BE700FDA822 /* NSString+PEM.m */,
			);
			name = "NSString+PEM";
			sourceTree = "<group>";
		};
		9077A6A6178A5C1100FDA822 /* Categories */ = {
			isa = PBXGroup;
			children = (
				9089003B178A9BD7005E50B7 /* NSFileManager+iOS */,
				9077A6A7178A5C1D00FDA822 /* NSData+Base64 */,
				9077A68C178A56A800FDA822 /* NSData+Random */,
				9077A6A2178A5BC800FDA822 /* NSString+PEM */,
			);
			name = Categories;
			sourceTree = "<group>";
		};
		9077A6A7178A5C1D00FDA822 /* NSData+Base64 */ = {
			isa = PBXGroup;
			children = (
				9077A6A8178A5C3300FDA822 /* NSData+Base64.h */,
				9077A6A9178A5C3300FDA822 /* NSData+Base64.m */,
			);
			name = "NSData+Base64";
			sourceTree = "<group>";
		};
		90890028178A90AF005E50B7 /* KeyWrapping */ = {
			isa = PBXGroup;
			children = (
				90890029178A90EA005E50B7 /* KeyWrapper.h */,
				9089002A178A911B005E50B7 /* AESKeyWrapper.h */,
				9089002B178A911B005E50B7 /* AESKeyWrapper.m */,
			);
			name = KeyWrapping;
			sourceTree = "<group>";
		};
		90890030178A93AC005E50B7 /* CipherStream */ = {
			isa = PBXGroup;
			children = (
				90890031178A93D4005E50B7 /* CipherStream.h */,
				90890036178A9553005E50B7 /* CipherOutputStream.m */,
			);
			name = CipherStream;
			sourceTree = "<group>";
		};
		9089003B178A9BD7005E50B7 /* NSFileManager+iOS */ = {
			isa = PBXGroup;
			children = (
				9089003C178A9BEF005E50B7 /* NSFileManager+iOS.h */,
				9089003D178A9BEF005E50B7 /* NSFileManager+iOS.m */,
			);
			name = "NSFileManager+iOS";
			sourceTree = "<group>";
		};
/* End PBXGroup section */

/* Begin PBXNativeTarget section */
		9077A64B178A52AF00FDA822 /* CSTCryptoAPI */ = {
			isa = PBXNativeTarget;
			buildConfigurationList = 9077A671178A52B000FDA822 /* Build configuration list for PBXNativeTarget "CSTCryptoAPI" */;
			buildPhases = (
				9077A648178A52AF00FDA822 /* Sources */,
				9077A649178A52AF00FDA822 /* Frameworks */,
				9077A64A178A52AF00FDA822 /* CopyFiles */,
			);
			buildRules = (
			);
			dependencies = (
			);
			name = CSTCryptoAPI;
			productName = CSTCryptoAPI;
			productReference = 9077A64C178A52AF00FDA822 /* libCSTCryptoAPI.a */;
			productType = "com.apple.product-type.library.static";
		};
		9077A65C178A52B000FDA822 /* CSTCryptoAPITests */ = {
			isa = PBXNativeTarget;
			buildConfigurationList = 9077A674178A52B000FDA822 /* Build configuration list for PBXNativeTarget "CSTCryptoAPITests" */;
			buildPhases = (
				9077A658178A52B000FDA822 /* Sources */,
				9077A659178A52B000FDA822 /* Frameworks */,
				9077A65A178A52B000FDA822 /* Resources */,
				9077A65B178A52B000FDA822 /* ShellScript */,
			);
			buildRules = (
			);
			dependencies = (
				9077A664178A52B000FDA822 /* PBXTargetDependency */,
			);
			name = CSTCryptoAPITests;
			productName = CSTCryptoAPITests;
			productReference = 9077A65D178A52B000FDA822 /* CSTCryptoAPITests.octest */;
			productType = "com.apple.product-type.bundle";
		};
/* End PBXNativeTarget section */

/* Begin PBXProject section */
		9077A644178A52AF00FDA822 /* Project object */ = {
			isa = PBXProject;
			attributes = {
				LastUpgradeCheck = 0460;
				ORGANIZATIONNAME = "Christopher Taylor";
			};
			buildConfigurationList = 9077A647178A52AF00FDA822 /* Build configuration list for PBXProject "CSTCryptoAPI" */;
			compatibilityVersion = "Xcode 3.2";
			developmentRegion = English;
			hasScannedForEncodings = 0;
			knownRegions = (
				en,
			);
			mainGroup = 9077A643178A52AF00FDA822;
			productRefGroup = 9077A64D178A52AF00FDA822 /* Products */;
			projectDirPath = "";
			projectRoot = "";
			targets = (
				9077A64B178A52AF00FDA822 /* CSTCryptoAPI */,
				9077A65C178A52B000FDA822 /* CSTCryptoAPITests */,
			);
		};
/* End PBXProject section */

/* Begin PBXResourcesBuildPhase section */
		9077A65A178A52B000FDA822 /* Resources */ = {
			isa = PBXResourcesBuildPhase;
			buildActionMask = 2147483647;
			files = (
				9077A66B178A52B000FDA822 /* InfoPlist.strings in Resources */,
			);
			runOnlyForDeploymentPostprocessing = 0;
		};
/* End PBXResourcesBuildPhase section */

/* Begin PBXShellScriptBuildPhase section */
		9077A65B178A52B000FDA822 /* ShellScript */ = {
			isa = PBXShellScriptBuildPhase;
			buildActionMask = 2147483647;
			files = (
			);
			inputPaths = (
			);
			outputPaths = (
			);
			runOnlyForDeploymentPostprocessing = 0;
			shellPath = /bin/sh;
			shellScript = "# Run the unit tests in this test bundle.\n\"${SYSTEM_DEVELOPER_DIR}/Tools/RunUnitTests\"\n";
		};
/* End PBXShellScriptBuildPhase section */

/* Begin PBXSourcesBuildPhase section */
		9077A648178A52AF00FDA822 /* Sources */ = {
			isa = PBXSourcesBuildPhase;
			buildActionMask = 2147483647;
			files = (
				9077A689178A55E200FDA822 /* AESKeyGenerator.m in Sources */,
				9077A68F178A56B700FDA822 /* NSData+Random.m in Sources */,
				9077A692178A57D500FDA822 /* AESKey.m in Sources */,
				9077A697178A5A1D00FDA822 /* PBKDFSecretKeyFactory.m in Sources */,
				9077A69C178A5B2100FDA822 /* AESCipher.m in Sources */,
				9077A6A1178A5BA900FDA822 /* RSAPublicKey.m in Sources */,
				9077A6A5178A5BE700FDA822 /* NSString+PEM.m in Sources */,
				9077A6AA178A5C3300FDA822 /* NSData+Base64.m in Sources */,
				9077A6B0178A5E7100FDA822 /* RSAKey+Private.m in Sources */,
				9089002C178A911B005E50B7 /* AESKeyWrapper.m in Sources */,
				90890037178A9553005E50B7 /* CipherOutputStream.m in Sources */,
			);
			runOnlyForDeploymentPostprocessing = 0;
		};
		9077A658178A52B000FDA822 /* Sources */ = {
			isa = PBXSourcesBuildPhase;
			buildActionMask = 2147483647;
			files = (
				9089003F178A9CC2005E50B7 /* NSFileManager+iOS.m in Sources */,
				9077A687178A558500FDA822 /* AESKeyGeneratorTestCase.m in Sources */,
				9077A68A178A55E200FDA822 /* AESKeyGenerator.m in Sources */,
				9077A690178A56B700FDA822 /* NSData+Random.m in Sources */,
				9077A69A178A5A6400FDA822 /* AESKeyFromPasswordTestCase.m in Sources */,
				9077A6AD178A5DB400FDA822 /* AESCipherTestCase.m in Sources */,
				9077A6B3178A612500FDA822 /* RSAKeyTestCase.m in Sources */,
				9089002F178A915C005E50B7 /* AESKeyWrapperTestCase.m in Sources */,
				9089003A178A9765005E50B7 /* StreamTestCase.m in Sources */,
			);
			runOnlyForDeploymentPostprocessing = 0;
		};
/* End PBXSourcesBuildPhase section */

/* Begin PBXTargetDependency section */
		9077A664178A52B000FDA822 /* PBXTargetDependency */ = {
			isa = PBXTargetDependency;
			target = 9077A64B178A52AF00FDA822 /* CSTCryptoAPI */;
			targetProxy = 9077A663178A52B000FDA822 /* PBXContainerItemProxy */;
		};
/* End PBXTargetDependency section */

/* Begin PBXVariantGroup section */
		9077A669178A52B000FDA822 /* InfoPlist.strings */ = {
			isa = PBXVariantGroup;
			children = (
				9077A66A178A52B000FDA822 /* en */,
			);
			name = InfoPlist.strings;
			sourceTree = "<group>";
		};
/* End PBXVariantGroup section */

/* Begin XCBuildConfiguration section */
		9077A66F178A52B000FDA822 /* Debug */ = {
			isa = XCBuildConfiguration;
			buildSettings = {
				ALWAYS_SEARCH_USER_PATHS = NO;
				CLANG_CXX_LANGUAGE_STANDARD = "gnu++0x";
				CLANG_CXX_LIBRARY = "libc++";
				CLANG_ENABLE_OBJC_ARC = YES;
				CLANG_WARN_CONSTANT_CONVERSION = YES;
				CLANG_WARN_EMPTY_BODY = YES;
				CLANG_WARN_ENUM_CONVERSION = YES;
				CLANG_WARN_INT_CONVERSION = YES;
				CLANG_WARN__DUPLICATE_METHOD_MATCH = YES;
				COPY_PHASE_STRIP = NO;
				GCC_C_LANGUAGE_STANDARD = gnu99;
				GCC_DYNAMIC_NO_PIC = NO;
				GCC_OPTIMIZATION_LEVEL = 0;
				GCC_PREPROCESSOR_DEFINITIONS = (
					"DEBUG=1",
					"$(inherited)",
				);
				GCC_SYMBOLS_PRIVATE_EXTERN = NO;
				GCC_WARN_ABOUT_RETURN_TYPE = YES;
				GCC_WARN_UNINITIALIZED_AUTOS = YES;
				GCC_WARN_UNUSED_VARIABLE = YES;
				IPHONEOS_DEPLOYMENT_TARGET = 6.1;
				ONLY_ACTIVE_ARCH = YES;
				SDKROOT = iphoneos;
			};
			name = Debug;
		};
		9077A670178A52B000FDA822 /* Release */ = {
			isa = XCBuildConfiguration;
			buildSettings = {
				ALWAYS_SEARCH_USER_PATHS = NO;
				CLANG_CXX_LANGUAGE_STANDARD = "gnu++0x";
				CLANG_CXX_LIBRARY = "libc++";
				CLANG_ENABLE_OBJC_ARC = YES;
				CLANG_WARN_CONSTANT_CONVERSION = YES;
				CLANG_WARN_EMPTY_BODY = YES;
				CLANG_WARN_ENUM_CONVERSION = YES;
				CLANG_WARN_INT_CONVERSION = YES;
				CLANG_WARN__DUPLICATE_METHOD_MATCH = YES;
				COPY_PHASE_STRIP = YES;
				GCC_C_LANGUAGE_STANDARD = gnu99;
				GCC_WARN_ABOUT_RETURN_TYPE = YES;
				GCC_WARN_UNINITIALIZED_AUTOS = YES;
				GCC_WARN_UNUSED_VARIABLE = YES;
				IPHONEOS_DEPLOYMENT_TARGET = 6.1;
				SDKROOT = iphoneos;
				VALIDATE_PRODUCT = YES;
			};
			name = Release;
		};
		9077A672178A52B000FDA822 /* Debug */ = {
			isa = XCBuildConfiguration;
			buildSettings = {
				DSTROOT = /tmp/CSTCryptoAPI.dst;
				GCC_PRECOMPILE_PREFIX_HEADER = YES;
				GCC_PREFIX_HEADER = "CSTCryptoAPI/CSTCryptoAPI-Prefix.pch";
				OTHER_LDFLAGS = "-ObjC";
				PRODUCT_NAME = "$(TARGET_NAME)";
				SKIP_INSTALL = YES;
			};
			name = Debug;
		};
		9077A673178A52B000FDA822 /* Release */ = {
			isa = XCBuildConfiguration;
			buildSettings = {
				DSTROOT = /tmp/CSTCryptoAPI.dst;
				GCC_PRECOMPILE_PREFIX_HEADER = YES;
				GCC_PREFIX_HEADER = "CSTCryptoAPI/CSTCryptoAPI-Prefix.pch";
				OTHER_LDFLAGS = "-ObjC";
				PRODUCT_NAME = "$(TARGET_NAME)";
				SKIP_INSTALL = YES;
			};
			name = Release;
		};
		9077A675178A52B000FDA822 /* Debug */ = {
			isa = XCBuildConfiguration;
			buildSettings = {
				FRAMEWORK_SEARCH_PATHS = (
					"\"$(SDKROOT)/Developer/Library/Frameworks\"",
					"\"$(DEVELOPER_LIBRARY_DIR)/Frameworks\"",
				);
				GCC_PRECOMPILE_PREFIX_HEADER = YES;
				GCC_PREFIX_HEADER = "CSTCryptoAPI/CSTCryptoAPI-Prefix.pch";
				INFOPLIST_FILE = "CSTCryptoAPITests/CSTCryptoAPITests-Info.plist";
				PRODUCT_NAME = "$(TARGET_NAME)";
				WRAPPER_EXTENSION = octest;
			};
			name = Debug;
		};
		9077A676178A52B000FDA822 /* Release */ = {
			isa = XCBuildConfiguration;
			buildSettings = {
				FRAMEWORK_SEARCH_PATHS = (
					"\"$(SDKROOT)/Developer/Library/Frameworks\"",
					"\"$(DEVELOPER_LIBRARY_DIR)/Frameworks\"",
				);
				GCC_PRECOMPILE_PREFIX_HEADER = YES;
				GCC_PREFIX_HEADER = "CSTCryptoAPI/CSTCryptoAPI-Prefix.pch";
				INFOPLIST_FILE = "CSTCryptoAPITests/CSTCryptoAPITests-Info.plist";
				PRODUCT_NAME = "$(TARGET_NAME)";
				WRAPPER_EXTENSION = octest;
			};
			name = Release;
		};
/* End XCBuildConfiguration section */

/* Begin XCConfigurationList section */
		9077A647178A52AF00FDA822 /* Build configuration list for PBXProject "CSTCryptoAPI" */ = {
			isa = XCConfigurationList;
			buildConfigurations = (
				9077A66F178A52B000FDA822 /* Debug */,
				9077A670178A52B000FDA822 /* Release */,
			);
			defaultConfigurationIsVisible = 0;
			defaultConfigurationName = Release;
		};
		9077A671178A52B000FDA822 /* Build configuration list for PBXNativeTarget "CSTCryptoAPI" */ = {
			isa = XCConfigurationList;
			buildConfigurations = (
				9077A672178A52B000FDA822 /* Debug */,
				9077A673178A52B000FDA822 /* Release */,
			);
			defaultConfigurationIsVisible = 0;
			defaultConfigurationName = Release;
		};
		9077A674178A52B000FDA822 /* Build configuration list for PBXNativeTarget "CSTCryptoAPITests" */ = {
			isa = XCConfigurationList;
			buildConfigurations = (
				9077A675178A52B000FDA822 /* Debug */,
				9077A676178A52B000FDA822 /* Release */,
			);
			defaultConfigurationIsVisible = 0;
			defaultConfigurationName = Release;
		};
/* End XCConfigurationList section */
	};
	rootObject = 9077A644178A52AF00FDA822 /* Project object */;
}
